// !$*UTF8*$!
{
	archiveVersion = 1;
	classes = {
	};
	objectVersion = 48;
	objects = {

/* Begin PBXBuildFile section */
		0E2F0F201FFE5ED1000A203C /* AppDelegate.m in Sources */ = {isa = PBXBuildFile; fileRef = 0E2F0F1F1FFE5ED1000A203C /* AppDelegate.m */; };
		0E2F0F231FFE5ED1000A203C /* ViewController.m in Sources */ = {isa = PBXBuildFile; fileRef = 0E2F0F221FFE5ED1000A203C /* ViewController.m */; };
		0E2F0F261FFE5ED1000A203C /* Main.storyboard in Resources */ = {isa = PBXBuildFile; fileRef = 0E2F0F241FFE5ED1000A203C /* Main.storyboard */; };
		0E2F0F281FFE5ED1000A203C /* Assets.xcassets in Resources */ = {isa = PBXBuildFile; fileRef = 0E2F0F271FFE5ED1000A203C /* Assets.xcassets */; };
		0E2F0F2B1FFE5ED1000A203C /* LaunchScreen.storyboard in Resources */ = {isa = PBXBuildFile; fileRef = 0E2F0F291FFE5ED1000A203C /* LaunchScreen.storyboard */; };
		0E2F0F2E1FFE5ED1000A203C /* main.m in Sources */ = {isa = PBXBuildFile; fileRef = 0E2F0F2D1FFE5ED1000A203C /* main.m */; };
/* End PBXBuildFile section */

/* Begin PBXFileReference section */
		0E2F0F1B1FFE5ED1000A203C /* Stream-Video.app */ = {isa = PBXFileReference; explicitFileType = wrapper.application; includeInIndex = 0; path = "Stream-Video.app"; sourceTree = BUILT_PRODUCTS_DIR; };
		0E2F0F1E1FFE5ED1000A203C /* AppDelegate.h */ = {isa = PBXFileReference; lastKnownFileType = sourcecode.c.h; path = AppDelegate.h; sourceTree = "<group>"; };
		0E2F0F1F1FFE5ED1000A203C /* AppDelegate.m */ = {isa = PBXFileReference; lastKnownFileType = sourcecode.c.objc; path = AppDelegate.m; sourceTree = "<group>"; };
		0E2F0F211FFE5ED1000A203C /* ViewController.h */ = {isa = PBXFileReference; lastKnownFileType = sourcecode.c.h; path = ViewController.h; sourceTree = "<group>"; };
		0E2F0F221FFE5ED1000A203C /* ViewController.m */ = {isa = PBXFileReference; lastKnownFileType = sourcecode.c.objc; path = ViewController.m; sourceTree = "<group>"; };
		0E2F0F251FFE5ED1000A203C /* Base */ = {isa = PBXFileReference; lastKnownFileType = file.storyboard; name = Base; path = Base.lproj/Main.storyboard; sourceTree = "<group>"; };
		0E2F0F271FFE5ED1000A203C /* Assets.xcassets */ = {isa = PBXFileReference; lastKnownFileType = folder.assetcatalog; path = Assets.xcassets; sourceTree = "<group>"; };
		0E2F0F2A1FFE5ED1000A203C /* Base */ = {isa = PBXFileReference; lastKnownFileType = file.storyboard; name = Base; path = Base.lproj/LaunchScreen.storyboard; sourceTree = "<group>"; };
		0E2F0F2C1FFE5ED1000A203C /* Info.plist */ = {isa = PBXFileReference; lastKnownFileType = text.plist.xml; path = Info.plist; sourceTree = "<group>"; };
		0E2F0F2D1FFE5ED1000A203C /* main.m */ = {isa = PBXFileReference; lastKnownFileType = sourcecode.c.objc; path = main.m; sourceTree = "<group>"; };
/* End PBXFileReference section */

/* Begin PBXFrameworksBuildPhase section */
		0E2F0F181FFE5ED1000A203C /* Frameworks */ = {
			isa = PBXFrameworksBuildPhase;
			buildActionMask = 2147483647;
			files = (
			);
			runOnlyForDeploymentPostprocessing = 0;
		};
/* End PBXFrameworksBuildPhase section */

/* Begin PBXGroup section */
		0E2F0F121FFE5ED1000A203C = {
			isa = PBXGroup;
			children = (
				0E2F0F1D1FFE5ED1000A203C /* Stream-Video */,
				0E2F0F1C1FFE5ED1000A203C /* Products */,
			);
			sourceTree = "<group>";
		};
		0E2F0F1C1FFE5ED1000A203C /* Products */ = {
			isa = PBXGroup;
			children = (
				0E2F0F1B1FFE5ED1000A203C /* Stream-Video.app */,
			);
			name = Products;
			sourceTree = "<group>";
		};
		0E2F0F1D1FFE5ED1000A203C /* Stream-Video */ = {
			isa = PBXGroup;
			children = (
				0E2F0F1E1FFE5ED1000A203C /* AppDelegate.h */,
				0E2F0F1F1FFE5ED1000A203C /* AppDelegate.m */,
				0E2F0F211FFE5ED1000A203C /* ViewController.h */,
				0E2F0F221FFE5ED1000A203C /* ViewController.m */,
				0E2F0F241FFE5ED1000A203C /* Main.storyboard */,
				0E2F0F271FFE5ED1000A203C /* Assets.xcassets */,
				0E2F0F291FFE5ED1000A203C /* LaunchScreen.storyboard */,
				0E2F0F2C1FFE5ED1000A203C /* Info.plist */,
				0E2F0F2D1FFE5ED1000A203C /* main.m */,
			);
			path = "Stream-Video";
			sourceTree = "<group>";
		};
/* End PBXGroup section */

/* Begin PBXNativeTarget section */
		0E2F0F1A1FFE5ED1000A203C /* Stream-Video */ = {
			isa = PBXNativeTarget;
			buildConfigurationList = 0E2F0F311FFE5ED1000A203C /* Build configuration list for PBXNativeTarget "Stream-Video" */;
			buildPhases = (
				0E2F0F171FFE5ED1000A203C /* Sources */,
				0E2F0F181FFE5ED1000A203C /* Frameworks */,
				0E2F0F191FFE5ED1000A203C /* Resources */,
			);
			buildRules = (
			);
			dependencies = (
			);
			name = "Stream-Video";
			productName = "Stream-Video";
			productReference = 0E2F0F1B1FFE5ED1000A203C /* Stream-Video.app */;
			productType = "com.apple.product-type.application";
		};
/* End PBXNativeTarget section */

/* Begin PBXProject section */
		0E2F0F131FFE5ED1000A203C /* Project object */ = {
			isa = PBXProject;
			attributes = {
				LastUpgradeCheck = 0910;
				ORGANIZATIONNAME = "Tanjim Hossain";
				TargetAttributes = {
					0E2F0F1A1FFE5ED1000A203C = {
						CreatedOnToolsVersion = 9.1;
						ProvisioningStyle = Automatic;
					};
				};
			};
			buildConfigurationList = 0E2F0F161FFE5ED1000A203C /* Build configuration list for PBXProject "Stream-Video" */;
			compatibilityVersion = "Xcode 8.0";
			developmentRegion = en;
			hasScannedForEncodings = 0;
			knownRegions = (
				en,
				Base,
			);
			mainGroup = 0E2F0F121FFE5ED1000A203C;
			productRefGroup = 0E2F0F1C1FFE5ED1000A203C /* Products */;
			projectDirPath = "";
			projectRoot = "";
			targets = (
				0E2F0F1A1FFE5ED1000A203C /* Stream-Video */,
			);
		};
/* End PBXProject section */

/* Begin PBXResourcesBuildPhase section */
		0E2F0F191FFE5ED1000A203C /* Resources */ = {
			isa = PBXResourcesBuildPhase;
			buildActionMask = 2147483647;
			files = (
				0E2F0F2B1FFE5ED1000A203C /* LaunchScreen.storyboard in Resources */,
				0E2F0F281FFE5ED1000A203C /* Assets.xcassets in Resources */,
				0E2F0F261FFE5ED1000A203C /* Main.storyboard in Resources */,
			);
			runOnlyForDeploymentPostprocessing = 0;
		};
/* End PBXResourcesBuildPhase section */

/* Begin PBXSourcesBuildPhase section */
		0E2F0F171FFE5ED1000A203C /* Sources */ = {
			isa = PBXSourcesBuildPhase;
			buildActionMask = 2147483647;
			files = (
				0E2F0F231FFE5ED1000A203C /* ViewController.m in Sources */,
				0E2F0F2E1FFE5ED1000A203C /* main.m in Sources */,
				0E2F0F201FFE5ED1000A203C /* AppDelegate.m in Sources */,
			);
			runOnlyForDeploymentPostprocessing = 0;
		};
/* End PBXSourcesBuildPhase section */

/* Begin PBXVariantGroup section */
		0E2F0F241FFE5ED1000A203C /* Main.storyboard */ = {
			isa = PBXVariantGroup;
			children = (
				0E2F0F251FFE5ED1000A203C /* Base */,
			);
			name = Main.storyboard;
			sourceTree = "<group>";
		};
		0E2F0F291FFE5ED1000A203C /* LaunchScreen.storyboard */ = {
			isa = PBXVariantGroup;
			children = (
				0E2F0F2A1FFE5ED1000A203C /* Base */,
			);
			name = LaunchScreen.storyboard;
			sourceTree = "<group>";
		};
/* End PBXVariantGroup section */

/* Begin XCBuildConfiguration section */
		0E2F0F2F1FFE5ED1000A203C /* Debug */ = {
			isa = XCBuildConfiguration;
			buildSettings = {
				ALWAYS_SEARCH_USER_PATHS = NO;
				CLANG_ANALYZER_NONNULL = YES;
				CLANG_ANALYZER_NUMBER_OBJECT_CONVERSION = YES_AGGRESSIVE;
				CLANG_CXX_LANGUAGE_STANDARD = "gnu++14";
				CLANG_CXX_LIBRARY = "libc++";
				CLANG_ENABLE_MODULES = YES;
				CLANG_ENABLE_OBJC_ARC = YES;
				CLANG_WARN_BLOCK_CAPTURE_AUTORELEASING = YES;
				CLANG_WARN_BOOL_CONVERSION = YES;
				CLANG_WARN_COMMA = YES;
				CLANG_WARN_CONSTANT_CONVERSION = YES;
				CLANG_WARN_DIRECT_OBJC_ISA_USAGE = YES_ERROR;
				CLANG_WARN_DOCUMENTATION_COMMENTS = YES;
				CLANG_WARN_EMPTY_BODY = YES;
				CLANG_WARN_ENUM_CONVERSION = YES;
				CLANG_WARN_INFINITE_RECURSION = YES;
				CLANG_WARN_INT_CONVERSION = YES;
				CLANG_WARN_NON_LITERAL_NULL_CONVERSION = YES;
				CLANG_WARN_OBJC_LITERAL_CONVERSION = YES;
				CLANG_WARN_OBJC_ROOT_CLASS = YES_ERROR;
				CLANG_WARN_RANGE_LOOP_ANALYSIS = YES;
				CLANG_WARN_STRICT_PROTOTYPES = YES;
				CLANG_WARN_SUSPICIOUS_MOVE = YES;
				CLANG_WARN_UNGUARDED_AVAILABILITY = YES_AGGRESSIVE;
				CLANG_WARN_UNREACHABLE_CODE = YES;
				CLANG_WARN__DUPLICATE_METHOD_MATCH = YES;
				CODE_SIGN_IDENTITY = "iPhone Developer";
				COPY_PHASE_STRIP = NO;
				DEBUG_INFORMATION_FORMAT = dwarf;
				ENABLE_STRICT_OBJC_MSGSEND = YES;
				ENABLE_TESTABILITY = YES;
				GCC_C_LANGUAGE_STANDARD = gnu11;
				GCC_DYNAMIC_NO_PIC = NO;
				GCC_NO_COMMON_BLOCKS = YES;
				GCC_OPTIMIZATION_LEVEL = 0;
				GCC_PREPROCESSOR_DEFINITIONS = (
					"DEBUG=1",
					"$(inherited)",
				);
				GCC_WARN_64_TO_32_BIT_CONVERSION = YES;
				GCC_WARN_ABOUT_RETURN_TYPE = YES_ERROR;
				GCC_WARN_UNDECLARED_SELECTOR = YES;
				GCC_WARN_UNINITIALIZED_AUTOS = YES_AGGRESSIVE;
				GCC_WARN_UNUSED_FUNCTION = YES;
				GCC_WARN_UNUSED_VARIABLE = YES;
				IPHONEOS_DEPLOYMENT_TARGET = 11.1;
				MTL_ENABLE_DEBUG_INFO = YES;
				ONLY_ACTIVE_ARCH = YES;
				SDKROOT = iphoneos;
			};
			name = Debug;
		};
		0E2F0F301FFE5ED1000A203C /* Release */ = {
			isa = XCBuildConfiguration;
			buildSettings = {
				ALWAYS_SEARCH_USER_PATHS = NO;
				CLANG_ANALYZER_NONNULL = YES;
				CLANG_ANALYZER_NUMBER_OBJECT_CONVERSION = YES_AGGRESSIVE;
				CLANG_CXX_LANGUAGE_STANDARD = "gnu++14";
				CLANG_CXX_LIBRARY = "libc++";
				CLANG_ENABLE_MODULES = YES;
				CLANG_ENABLE_OBJC_ARC = YES;
				CLANG_WARN_BLOCK_CAPTURE_AUTORELEASING = YES;
				CLANG_WARN_BOOL_CONVERSION = YES;
				CLANG_WARN_COMMA = YES;
				CLANG_WARN_CONSTANT_CONVERSION = YES;
				CLANG_WARN_DIRECT_OBJC_ISA_USAGE = YES_ERROR;
				CLANG_WARN_DOCUMENTATION_COMMENTS = YES;
				CLANG_WARN_EMPTY_BODY = YES;
				CLANG_WARN_ENUM_CONVERSION = YES;
				CLANG_WARN_INFINITE_RECURSION = YES;
				CLANG_WARN_INT_CONVERSION = YES;
				CLANG_WARN_NON_LITERAL_NULL_CONVERSION = YES;
				CLANG_WARN_OBJC_LITERAL_CONVERSION = YES;
				CLANG_WARN_OBJC_ROOT_CLASS = YES_ERROR;
				CLANG_WARN_RANGE_LOOP_ANALYSIS = YES;
				CLANG_WARN_STRICT_PROTOTYPES = YES;
				CLANG_WARN_SUSPICIOUS_MOVE = YES;
				CLANG_WARN_UNGUARDED_AVAILABILITY = YES_AGGRESSIVE;
				CLANG_WARN_UNREACHABLE_CODE = YES;
				CLANG_WARN__DUPLICATE_METHOD_MATCH = YES;
				CODE_SIGN_IDENTITY = "iPhone Developer";
				COPY_PHASE_STRIP = NO;
				DEBUG_INFORMATION_FORMAT = "dwarf-with-dsym";
				ENABLE_NS_ASSERTIONS = NO;
				ENABLE_STRICT_OBJC_MSGSEND = YES;
				GCC_C_LANGUAGE_STANDARD = gnu11;
				GCC_NO_COMMON_BLOCKS = YES;
				GCC_WARN_64_TO_32_BIT_CONVERSION = YES;
				GCC_WARN_ABOUT_RETURN_TYPE = YES_ERROR;
				GCC_WARN_UNDECLARED_SELECTOR = YES;
				GCC_WARN_UNINITIALIZED_AUTOS = YES_AGGRESSIVE;
				GCC_WARN_UNUSED_FUNCTION = YES;
				GCC_WARN_UNUSED_VARIABLE = YES;
				IPHONEOS_DEPLOYMENT_TARGET = 11.1;
				MTL_ENABLE_DEBUG_INFO = NO;
				SDKROOT = iphoneos;
				VALIDATE_PRODUCT = YES;
			};
			name = Release;
		};
		0E2F0F321FFE5ED1000A203C /* Debug */ = {
			isa = XCBuildConfiguration;
			buildSettings = {
				ASSETCATALOG_COMPILER_APPICON_NAME = AppIcon;
				CODE_SIGN_STYLE = Automatic;
				INFOPLIST_FILE = "Stream-Video/Info.plist";
				LD_RUNPATH_SEARCH_PATHS = "$(inherited) @executable_path/Frameworks";
				PRODUCT_BUNDLE_IDENTIFIER = "com.tanjimhossainsifat.Stream-Video";
				PRODUCT_NAME = "$(TARGET_NAME)";
				TARGETED_DEVICE_FAMILY = "1,2";
			};
			name = Debug;
		};
		0E2F0F331FFE5ED1000A203C /* Release */ = {
			isa = XCBuildConfiguration;
			buildSettings = {
				ASSETCATALOG_COMPILER_APPICON_NAME = AppIcon;
				CODE_SIGN_STYLE = Automatic;
				INFOPLIST_FILE = "Stream-Video/Info.plist";
				LD_RUNPATH_SEARCH_PATHS = "$(inherited) @executable_path/Frameworks";
				PRODUCT_BUNDLE_IDENTIFIER = "com.tanjimhossainsifat.Stream-Video";
				PRODUCT_NAME = "$(TARGET_NAME)";
				TARGETED_DEVICE_FAMILY = "1,2";
			};
			name = Release;
		};
/* End XCBuildConfiguration section */

/* Begin XCConfigurationList section */
		0E2F0F161FFE5ED1000A203C /* Build configuration list for PBXProject "Stream-Video" */ = {
			isa = XCConfigurationList;
			buildConfigurations = (
				0E2F0F2F1FFE5ED1000A203C /* Debug */,
				0E2F0F301FFE5ED1000A203C /* Release */,
			);
			defaultConfigurationIsVisible = 0;
			defaultConfigurationName = Release;
		};
		0E2F0F311FFE5ED1000A203C /* Build configuration list for PBXNativeTarget "Stream-Video" */ = {
			isa = XCConfigurationList;
			buildConfigurations = (
				0E2F0F321FFE5ED1000A203C /* Debug */,
				0E2F0F331FFE5ED1000A203C /* Release */,
			);
			defaultConfigurationIsVisible = 0;
			defaultConfigurationName = Release;
		};
/* End XCConfigurationList section */
	};
	rootObject = 0E2F0F131FFE5ED1000A203C /* Project object */;
}
